
Microsoft Visual Studio Solution File, Format Version 12.00
# Visual Studio Version 17
VisualStudioVersion = 17.4.33205.214
MinimumVisualStudioVersion = 10.0.40219.1
Project("{FAE04EC0-301F-11D3-BF4B-00C04F79EFBC}") = "HeavensLens", "HeavensLens.csproj", "{B87D4010-4912-48AA-B01B-0C8B364C2686}"
EndProject
Global
	GlobalSection(SolutionConfigurationPlatforms) = preSolution
		Debug|Any CPU = Debug|Any CPU
		Release|Any CPU = Release|Any CPU
	EndGlobalSection
	GlobalSection(ProjectConfigurationPlatforms) = postSolution
		{B87D4010-4912-48AA-B01B-0C8B364C2686}.Debug|Any CPU.ActiveCfg = Debug|Any CPU
		{B87D4010-4912-48AA-B01B-0C8B364C2686}.Debug|Any CPU.Build.0 = Debug|Any CPU
		{B87D4010-4912-48AA-B01B-0C8B364C2686}.Release|Any CPU.ActiveCfg = Release|Any CPU
		{B87D4010-4912-48AA-B01B-0C8B364C2686}.Release|Any CPU.Build.0 = Release|Any CPU
	EndGlobalSection
	GlobalSection(SolutionProperties) = preSolution
		HideSolutionNode = FALSE
	EndGlobalSection
	GlobalSection(ExtensibilityGlobals) = postSolution
		SolutionGuid = {146F2107-CB65-4196-9DBD-10F1BEE13E79}
	EndGlobalSection
EndGlobal
